
Microsoft Visual Studio Solution File, Format Version 12.00
# Visual Studio Version 17
VisualStudioVersion = 17.1.32210.238
MinimumVisualStudioVersion = 10.0.40219.1
Project("{9A19103F-16F7-4668-BE54-9A1E7A4F7556}") = "mqttMultimeter", "mqttMultimeter.csproj", "{4CAD6BA2-E2F7-4C34-838A-68E39F3CA2A3}"
EndProject
Global
	GlobalSection(SolutionConfigurationPlatforms) = preSolution
		Debug|Any CPU = Debug|Any CPU
		Release|Any CPU = Release|Any CPU
	EndGlobalSection
	GlobalSection(ProjectConfigurationPlatforms) = postSolution
		{4CAD6BA2-E2F7-4C34-838A-68E39F3CA2A3}.Debug|Any CPU.ActiveCfg = Debug|Any CPU
		{4CAD6BA2-E2F7-4C34-838A-68E39F3CA2A3}.Debug|Any CPU.Build.0 = Debug|Any CPU
		{4CAD6BA2-E2F7-4C34-838A-68E39F3CA2A3}.Release|Any CPU.ActiveCfg = Release|Any CPU
		{4CAD6BA2-E2F7-4C34-838A-68E39F3CA2A3}.Release|Any CPU.Build.0 = Release|Any CPU
	EndGlobalSection
	GlobalSection(SolutionProperties) = preSolution
		HideSolutionNode = FALSE
	EndGlobalSection
	GlobalSection(ExtensibilityGlobals) = postSolution
		SolutionGuid = {926A2B7B-75D6-4140-AD3A-0AD36B0D01C6}
	EndGlobalSection
EndGlobal
